
Microsoft Visual Studio Solution File, Format Version 12.00
# Visual Studio Version 16
VisualStudioVersion = 16.0.30907.101
MinimumVisualStudioVersion = 10.0.40219.1
Project("{FAE04EC0-301F-11D3-BF4B-00C04F79EFBC}") = "lesson6Activityp1-2", "lesson6Activityp1-2\lesson6Activityp1-2.csproj", "{7FB4BB73-6040-4463-BBE4-81765C046EB1}"
EndProject
Global
	GlobalSection(SolutionConfigurationPlatforms) = preSolution
		Debug|Any CPU = Debug|Any CPU
		Release|Any CPU = Release|Any CPU
	EndGlobalSection
	GlobalSection(ProjectConfigurationPlatforms) = postSolution
		{7FB4BB73-6040-4463-BBE4-81765C046EB1}.Debug|Any CPU.ActiveCfg = Debug|Any CPU
		{7FB4BB73-6040-4463-BBE4-81765C046EB1}.Debug|Any CPU.Build.0 = Debug|Any CPU
		{7FB4BB73-6040-4463-BBE4-81765C046EB1}.Release|Any CPU.ActiveCfg = Release|Any CPU
		{7FB4BB73-6040-4463-BBE4-81765C046EB1}.Release|Any CPU.Build.0 = Release|Any CPU
	EndGlobalSection
	GlobalSection(SolutionProperties) = preSolution
		HideSolutionNode = FALSE
	EndGlobalSection
	GlobalSection(ExtensibilityGlobals) = postSolution
		SolutionGuid = {1856D853-9123-4680-8162-AFF6E44D80E2}
	EndGlobalSection
EndGlobal
